
Microsoft Visual Studio Solution File, Format Version 12.00
# Visual Studio Version 17
VisualStudioVersion = 17.12.35707.178 d17.12
MinimumVisualStudioVersion = 10.0.40219.1
Project("{2150E333-8FDC-42A3-9474-1A3956D46DE8}") = "Core", "Core", "{3190CEB2-7276-499F-AAFA-176F285DA411}"
EndProject
Project("{2150E333-8FDC-42A3-9474-1A3956D46DE8}") = "InfraStructure", "InfraStructure", "{4A792488-8A5F-4994-B8EE-7B2F90765144}"
EndProject
Project("{2150E333-8FDC-42A3-9474-1A3956D46DE8}") = "Presentation", "Presentation", "{1CCA42BE-287E-4FE5-8664-7ECE528DF11B}"
EndProject
Project("{FAE04EC0-301F-11D3-BF4B-00C04F79EFBC}") = "YoutubeApi.Domain", "Core\YoutubeApi.Domain\YoutubeApi.Domain.csproj", "{6E991730-D13B-4E37-878D-86302E9612FE}"
EndProject
Project("{FAE04EC0-301F-11D3-BF4B-00C04F79EFBC}") = "YoutubeApi.Application", "Core\YoutubeApi.Application\YoutubeApi.Application.csproj", "{18EF7B36-61D2-40FC-B232-13BAC7316299}"
EndProject
Project("{FAE04EC0-301F-11D3-BF4B-00C04F79EFBC}") = "YoutubeApi.Infrastructure", "InfraStructure\YoutubeApi.Infrastructure\YoutubeApi.Infrastructure.csproj", "{A5E925B6-F6F0-4406-B2D7-87217402EC95}"
EndProject
Project("{FAE04EC0-301F-11D3-BF4B-00C04F79EFBC}") = "YoutubeApi.Presentation", "InfraStructure\YoutubeApi.Presentation\YoutubeApi.Presentation.csproj", "{B0634328-BC64-4251-90C4-8C83C41C3F5E}"
EndProject
Project("{FAE04EC0-301F-11D3-BF4B-00C04F79EFBC}") = "YoutubeApi.Api", "Presentation\YoutubeApi.Api\YoutubeApi.Api.csproj", "{3C56FDD1-3E13-4699-A857-88B51BF4FEC7}"
EndProject
Global
	GlobalSection(SolutionConfigurationPlatforms) = preSolution
		Debug|Any CPU = Debug|Any CPU
		Release|Any CPU = Release|Any CPU
	EndGlobalSection
	GlobalSection(ProjectConfigurationPlatforms) = postSolution
		{6E991730-D13B-4E37-878D-86302E9612FE}.Debug|Any CPU.ActiveCfg = Debug|Any CPU
		{6E991730-D13B-4E37-878D-86302E9612FE}.Debug|Any CPU.Build.0 = Debug|Any CPU
		{6E991730-D13B-4E37-878D-86302E9612FE}.Release|Any CPU.ActiveCfg = Release|Any CPU
		{6E991730-D13B-4E37-878D-86302E9612FE}.Release|Any CPU.Build.0 = Release|Any CPU
		{18EF7B36-61D2-40FC-B232-13BAC7316299}.Debug|Any CPU.ActiveCfg = Debug|Any CPU
		{18EF7B36-61D2-40FC-B232-13BAC7316299}.Debug|Any CPU.Build.0 = Debug|Any CPU
		{18EF7B36-61D2-40FC-B232-13BAC7316299}.Release|Any CPU.ActiveCfg = Release|Any CPU
		{18EF7B36-61D2-40FC-B232-13BAC7316299}.Release|Any CPU.Build.0 = Release|Any CPU
		{A5E925B6-F6F0-4406-B2D7-87217402EC95}.Debug|Any CPU.ActiveCfg = Debug|Any CPU
		{A5E925B6-F6F0-4406-B2D7-87217402EC95}.Debug|Any CPU.Build.0 = Debug|Any CPU
		{A5E925B6-F6F0-4406-B2D7-87217402EC95}.Release|Any CPU.ActiveCfg = Release|Any CPU
		{A5E925B6-F6F0-4406-B2D7-87217402EC95}.Release|Any CPU.Build.0 = Release|Any CPU
		{B0634328-BC64-4251-90C4-8C83C41C3F5E}.Debug|Any CPU.ActiveCfg = Debug|Any CPU
		{B0634328-BC64-4251-90C4-8C83C41C3F5E}.Debug|Any CPU.Build.0 = Debug|Any CPU
		{B0634328-BC64-4251-90C4-8C83C41C3F5E}.Release|Any CPU.ActiveCfg = Release|Any CPU
		{B0634328-BC64-4251-90C4-8C83C41C3F5E}.Release|Any CPU.Build.0 = Release|Any CPU
		{3C56FDD1-3E13-4699-A857-88B51BF4FEC7}.Debug|Any CPU.ActiveCfg = Debug|Any CPU
		{3C56FDD1-3E13-4699-A857-88B51BF4FEC7}.Debug|Any CPU.Build.0 = Debug|Any CPU
		{3C56FDD1-3E13-4699-A857-88B51BF4FEC7}.Release|Any CPU.ActiveCfg = Release|Any CPU
		{3C56FDD1-3E13-4699-A857-88B51BF4FEC7}.Release|Any CPU.Build.0 = Release|Any CPU
	EndGlobalSection
	GlobalSection(SolutionProperties) = preSolution
		HideSolutionNode = FALSE
	EndGlobalSection
	GlobalSection(NestedProjects) = preSolution
		{6E991730-D13B-4E37-878D-86302E9612FE} = {3190CEB2-7276-499F-AAFA-176F285DA411}
		{18EF7B36-61D2-40FC-B232-13BAC7316299} = {3190CEB2-7276-499F-AAFA-176F285DA411}
		{A5E925B6-F6F0-4406-B2D7-87217402EC95} = {4A792488-8A5F-4994-B8EE-7B2F90765144}
		{B0634328-BC64-4251-90C4-8C83C41C3F5E} = {4A792488-8A5F-4994-B8EE-7B2F90765144}
		{3C56FDD1-3E13-4699-A857-88B51BF4FEC7} = {1CCA42BE-287E-4FE5-8664-7ECE528DF11B}
	EndGlobalSection
EndGlobal
